
Microsoft Visual Studio Solution File, Format Version 12.00
# Visual Studio Version 16
VisualStudioVersion = 16.0.31105.61
MinimumVisualStudioVersion = 10.0.40219.1
Project("{FAE04EC0-301F-11D3-BF4B-00C04F79EFBC}") = "Action delegate", "Action delegate\Action delegate.csproj", "{0B403569-73F2-40E2-A9FB-A2B8D59388A3}"
EndProject
Global
	GlobalSection(SolutionConfigurationPlatforms) = preSolution
		Debug|Any CPU = Debug|Any CPU
		Release|Any CPU = Release|Any CPU
	EndGlobalSection
	GlobalSection(ProjectConfigurationPlatforms) = postSolution
		{0B403569-73F2-40E2-A9FB-A2B8D59388A3}.Debug|Any CPU.ActiveCfg = Debug|Any CPU
		{0B403569-73F2-40E2-A9FB-A2B8D59388A3}.Debug|Any CPU.Build.0 = Debug|Any CPU
		{0B403569-73F2-40E2-A9FB-A2B8D59388A3}.Release|Any CPU.ActiveCfg = Release|Any CPU
		{0B403569-73F2-40E2-A9FB-A2B8D59388A3}.Release|Any CPU.Build.0 = Release|Any CPU
	EndGlobalSection
	GlobalSection(SolutionProperties) = preSolution
		HideSolutionNode = FALSE
	EndGlobalSection
	GlobalSection(ExtensibilityGlobals) = postSolution
		SolutionGuid = {A2125A94-98BC-4819-9814-BBBCA37005FC}
	EndGlobalSection
EndGlobal
