
Microsoft Visual Studio Solution File, Format Version 12.00
# Visual Studio Version 16
VisualStudioVersion = 16.0.31105.61
MinimumVisualStudioVersion = 10.0.40219.1
Project("{FAE04EC0-301F-11D3-BF4B-00C04F79EFBC}") = "ConsoleApp2", "ConsoleApp2.csproj", "{6A53ACCC-D11B-4BC8-9526-7D7C2488E900}"
EndProject
Project("{FAE04EC0-301F-11D3-BF4B-00C04F79EFBC}") = "ClassLibrary1", "..\ClassLibrary1\ClassLibrary1.csproj", "{606C5A6D-72C8-4C3E-86C8-20B701382732}"
EndProject
Global
	GlobalSection(SolutionConfigurationPlatforms) = preSolution
		Debug|Any CPU = Debug|Any CPU
		Release|Any CPU = Release|Any CPU
	EndGlobalSection
	GlobalSection(ProjectConfigurationPlatforms) = postSolution
		{6A53ACCC-D11B-4BC8-9526-7D7C2488E900}.Debug|Any CPU.ActiveCfg = Debug|Any CPU
		{6A53ACCC-D11B-4BC8-9526-7D7C2488E900}.Debug|Any CPU.Build.0 = Debug|Any CPU
		{6A53ACCC-D11B-4BC8-9526-7D7C2488E900}.Release|Any CPU.ActiveCfg = Release|Any CPU
		{6A53ACCC-D11B-4BC8-9526-7D7C2488E900}.Release|Any CPU.Build.0 = Release|Any CPU
		{606C5A6D-72C8-4C3E-86C8-20B701382732}.Debug|Any CPU.ActiveCfg = Debug|Any CPU
		{606C5A6D-72C8-4C3E-86C8-20B701382732}.Debug|Any CPU.Build.0 = Debug|Any CPU
		{606C5A6D-72C8-4C3E-86C8-20B701382732}.Release|Any CPU.ActiveCfg = Release|Any CPU
		{606C5A6D-72C8-4C3E-86C8-20B701382732}.Release|Any CPU.Build.0 = Release|Any CPU
	EndGlobalSection
	GlobalSection(SolutionProperties) = preSolution
		HideSolutionNode = FALSE
	EndGlobalSection
	GlobalSection(ExtensibilityGlobals) = postSolution
		SolutionGuid = {4F9AA688-DDC3-4BFF-9663-81DD3DCDA0B7}
	EndGlobalSection
EndGlobal
