
Microsoft Visual Studio Solution File, Format Version 12.00
# Visual Studio Version 16
VisualStudioVersion = 16.0.31105.61
MinimumVisualStudioVersion = 10.0.40219.1
Project("{FAE04EC0-301F-11D3-BF4B-00C04F79EFBC}") = "ExtensionMethod", "ExtensionMethod\ExtensionMethod.csproj", "{4CBE7250-9BC7-4D58-BF45-3F98EB8BDCAC}"
EndProject
Project("{2150E333-8FDC-42A3-9474-1A3956D46DE8}") = "Solution Items", "Solution Items", "{27196A33-D200-4256-9320-51F28B45E2AF}"
	ProjectSection(SolutionItems) = preProject
		.editorconfig = .editorconfig
	EndProjectSection
EndProject
Global
	GlobalSection(SolutionConfigurationPlatforms) = preSolution
		Debug|Any CPU = Debug|Any CPU
		Release|Any CPU = Release|Any CPU
	EndGlobalSection
	GlobalSection(ProjectConfigurationPlatforms) = postSolution
		{4CBE7250-9BC7-4D58-BF45-3F98EB8BDCAC}.Debug|Any CPU.ActiveCfg = Debug|Any CPU
		{4CBE7250-9BC7-4D58-BF45-3F98EB8BDCAC}.Debug|Any CPU.Build.0 = Debug|Any CPU
		{4CBE7250-9BC7-4D58-BF45-3F98EB8BDCAC}.Release|Any CPU.ActiveCfg = Release|Any CPU
		{4CBE7250-9BC7-4D58-BF45-3F98EB8BDCAC}.Release|Any CPU.Build.0 = Release|Any CPU
	EndGlobalSection
	GlobalSection(SolutionProperties) = preSolution
		HideSolutionNode = FALSE
	EndGlobalSection
	GlobalSection(ExtensibilityGlobals) = postSolution
		SolutionGuid = {36C7A0AF-271F-40E6-A6A9-CB8C7ADF3F69}
	EndGlobalSection
EndGlobal
